
Microsoft Visual Studio Solution File, Format Version 12.00
# Visual Studio 15
VisualStudioVersion = 15.0.27428.2015
MinimumVisualStudioVersion = 10.0.40219.1
Project("{FAE04EC0-301F-11D3-BF4B-00C04F79EFBC}") = "KentBeckTDD", "KentBeckTDD\KentBeckTDD.csproj", "{B9DE6FF3-3B10-4784-9BD7-90A57B04B841}"
EndProject
Global
	GlobalSection(SolutionConfigurationPlatforms) = preSolution
		Debug|Any CPU = Debug|Any CPU
		Release|Any CPU = Release|Any CPU
	EndGlobalSection
	GlobalSection(ProjectConfigurationPlatforms) = postSolution
		{B9DE6FF3-3B10-4784-9BD7-90A57B04B841}.Debug|Any CPU.ActiveCfg = Debug|Any CPU
		{B9DE6FF3-3B10-4784-9BD7-90A57B04B841}.Debug|Any CPU.Build.0 = Debug|Any CPU
		{B9DE6FF3-3B10-4784-9BD7-90A57B04B841}.Release|Any CPU.ActiveCfg = Release|Any CPU
		{B9DE6FF3-3B10-4784-9BD7-90A57B04B841}.Release|Any CPU.Build.0 = Release|Any CPU
	EndGlobalSection
	GlobalSection(SolutionProperties) = preSolution
		HideSolutionNode = FALSE
	EndGlobalSection
	GlobalSection(ExtensibilityGlobals) = postSolution
		SolutionGuid = {98F3FA6A-B8FB-495F-B6A5-8AF84BCBA9D7}
	EndGlobalSection
EndGlobal
